
Microsoft Visual Studio Solution File, Format Version 12.00
# Visual Studio Version 17
VisualStudioVersion = 17.4.33205.214
MinimumVisualStudioVersion = 10.0.40219.1
Project("{FAE04EC0-301F-11D3-BF4B-00C04F79EFBC}") = "App.Presentation", "App.Presentation\App.Presentation.csproj", "{D1C6DB7E-69D3-45D3-9B71-3FB83A56BD12}"
EndProject
Project("{FAE04EC0-301F-11D3-BF4B-00C04F79EFBC}") = "App.Config", "App.Config\App.Config.csproj", "{160BD950-2CB0-4472-83CC-4312C35E3B88}"
EndProject
Project("{FAE04EC0-301F-11D3-BF4B-00C04F79EFBC}") = "App.Infrastructure", "App.Infrastructure\App.Infrastructure.csproj", "{2C98695E-290C-4652-B4A1-524C3A7A5545}"
EndProject
Project("{FAE04EC0-301F-11D3-BF4B-00C04F79EFBC}") = "App.Domain", "App.Domain\App.Domain.csproj", "{6C8062F9-4E87-4B1B-A3AD-E81F56E62E5F}"
EndProject
Project("{FAE04EC0-301F-11D3-BF4B-00C04F79EFBC}") = "App.Application", "App.Application\App.Application.csproj", "{2F380BD3-A98E-402F-8093-08BE85603AED}"
EndProject
Global
	GlobalSection(SolutionConfigurationPlatforms) = preSolution
		Debug|Any CPU = Debug|Any CPU
		Release|Any CPU = Release|Any CPU
	EndGlobalSection
	GlobalSection(ProjectConfigurationPlatforms) = postSolution
		{D1C6DB7E-69D3-45D3-9B71-3FB83A56BD12}.Debug|Any CPU.ActiveCfg = Debug|Any CPU
		{D1C6DB7E-69D3-45D3-9B71-3FB83A56BD12}.Debug|Any CPU.Build.0 = Debug|Any CPU
		{D1C6DB7E-69D3-45D3-9B71-3FB83A56BD12}.Release|Any CPU.ActiveCfg = Release|Any CPU
		{D1C6DB7E-69D3-45D3-9B71-3FB83A56BD12}.Release|Any CPU.Build.0 = Release|Any CPU
		{160BD950-2CB0-4472-83CC-4312C35E3B88}.Debug|Any CPU.ActiveCfg = Debug|Any CPU
		{160BD950-2CB0-4472-83CC-4312C35E3B88}.Debug|Any CPU.Build.0 = Debug|Any CPU
		{160BD950-2CB0-4472-83CC-4312C35E3B88}.Release|Any CPU.ActiveCfg = Release|Any CPU
		{160BD950-2CB0-4472-83CC-4312C35E3B88}.Release|Any CPU.Build.0 = Release|Any CPU
		{2C98695E-290C-4652-B4A1-524C3A7A5545}.Debug|Any CPU.ActiveCfg = Debug|Any CPU
		{2C98695E-290C-4652-B4A1-524C3A7A5545}.Debug|Any CPU.Build.0 = Debug|Any CPU
		{2C98695E-290C-4652-B4A1-524C3A7A5545}.Release|Any CPU.ActiveCfg = Release|Any CPU
		{2C98695E-290C-4652-B4A1-524C3A7A5545}.Release|Any CPU.Build.0 = Release|Any CPU
		{6C8062F9-4E87-4B1B-A3AD-E81F56E62E5F}.Debug|Any CPU.ActiveCfg = Debug|Any CPU
		{6C8062F9-4E87-4B1B-A3AD-E81F56E62E5F}.Debug|Any CPU.Build.0 = Debug|Any CPU
		{6C8062F9-4E87-4B1B-A3AD-E81F56E62E5F}.Release|Any CPU.ActiveCfg = Release|Any CPU
		{6C8062F9-4E87-4B1B-A3AD-E81F56E62E5F}.Release|Any CPU.Build.0 = Release|Any CPU
		{2F380BD3-A98E-402F-8093-08BE85603AED}.Debug|Any CPU.ActiveCfg = Debug|Any CPU
		{2F380BD3-A98E-402F-8093-08BE85603AED}.Debug|Any CPU.Build.0 = Debug|Any CPU
		{2F380BD3-A98E-402F-8093-08BE85603AED}.Release|Any CPU.ActiveCfg = Release|Any CPU
		{2F380BD3-A98E-402F-8093-08BE85603AED}.Release|Any CPU.Build.0 = Release|Any CPU
	EndGlobalSection
	GlobalSection(SolutionProperties) = preSolution
		HideSolutionNode = FALSE
	EndGlobalSection
	GlobalSection(ExtensibilityGlobals) = postSolution
		SolutionGuid = {15356173-9EEF-49AA-B837-ABABAE0FE167}
	EndGlobalSection
EndGlobal
